// !$*UTF8*$!
{
	archiveVersion = 1;
	classes = {
	};
	objectVersion = 50;
	objects = {

/* Begin PBXBuildFile section */
		2DB6B7C79A28153E977DB3BD /* libPods-xTrackingTests.a in Frameworks */ = {isa = PBXBuildFile; fileRef = D8FD0554BC714C6415B9DCE3 /* libPods-xTrackingTests.a */; };
		6331E3C427F484F1001DFB95 /* AppDelegate.m in Sources */ = {isa = PBXBuildFile; fileRef = 6331E3C327F484F1001DFB95 /* AppDelegate.m */; };
		6331E3CA27F484F1001DFB95 /* ViewController.m in Sources */ = {isa = PBXBuildFile; fileRef = 6331E3C927F484F1001DFB95 /* ViewController.m */; };
		6331E3CF27F484F2001DFB95 /* Assets.xcassets in Resources */ = {isa = PBXBuildFile; fileRef = 6331E3CE27F484F2001DFB95 /* Assets.xcassets */; };
		6331E3D227F484F2001DFB95 /* LaunchScreen.storyboard in Resources */ = {isa = PBXBuildFile; fileRef = 6331E3D027F484F2001DFB95 /* LaunchScreen.storyboard */; };
		6331E3D527F484F2001DFB95 /* main.m in Sources */ = {isa = PBXBuildFile; fileRef = 6331E3D427F484F2001DFB95 /* main.m */; };
		6331E3DF27F484F2001DFB95 /* xTrackingTests.m in Sources */ = {isa = PBXBuildFile; fileRef = 6331E3DE27F484F2001DFB95 /* xTrackingTests.m */; };
		6331E3EA27F484F2001DFB95 /* xTrackingUITests.m in Sources */ = {isa = PBXBuildFile; fileRef = 6331E3E927F484F2001DFB95 /* xTrackingUITests.m */; };
		7F148D966B04FF31D49E9FFE /* libPods-xTrackingUITests.a in Frameworks */ = {isa = PBXBuildFile; fileRef = B977E7B8F7FC78552043D92B /* libPods-xTrackingUITests.a */; };
		D9280ADF76E8D10AB910AA72 /* libPods-xTracking.a in Frameworks */ = {isa = PBXBuildFile; fileRef = 6A2358E7545DDCFDF9DDD7D7 /* libPods-xTracking.a */; };
/* End PBXBuildFile section */

/* Begin PBXContainerItemProxy section */
		6331E3DB27F484F2001DFB95 /* PBXContainerItemProxy */ = {
			isa = PBXContainerItemProxy;
			containerPortal = 6331E3B727F484F1001DFB95 /* Project object */;
			proxyType = 1;
			remoteGlobalIDString = 6331E3BE27F484F1001DFB95;
			remoteInfo = xTracking;
		};
		6331E3E627F484F2001DFB95 /* PBXContainerItemProxy */ = {
			isa = PBXContainerItemProxy;
			containerPortal = 6331E3B727F484F1001DFB95 /* Project object */;
			proxyType = 1;
			remoteGlobalIDString = 6331E3BE27F484F1001DFB95;
			remoteInfo = xTracking;
		};
/* End PBXContainerItemProxy section */

/* Begin PBXFileReference section */
		2DF8112ABDB5CB612C304BA6 /* Pods-xTrackingUITests.debug.xcconfig */ = {isa = PBXFileReference; includeInIndex = 1; lastKnownFileType = text.xcconfig; name = "Pods-xTrackingUITests.debug.xcconfig"; path = "Target Support Files/Pods-xTrackingUITests/Pods-xTrackingUITests.debug.xcconfig"; sourceTree = "<group>"; };
		6331E3BF27F484F1001DFB95 /* xTracking.app */ = {isa = PBXFileReference; explicitFileType = wrapper.application; includeInIndex = 0; path = xTracking.app; sourceTree = BUILT_PRODUCTS_DIR; };
		6331E3C227F484F1001DFB95 /* AppDelegate.h */ = {isa = PBXFileReference; lastKnownFileType = sourcecode.c.h; path = AppDelegate.h; sourceTree = "<group>"; };
		6331E3C327F484F1001DFB95 /* AppDelegate.m */ = {isa = PBXFileReference; lastKnownFileType = sourcecode.c.objc; path = AppDelegate.m; sourceTree = "<group>"; };
		6331E3C827F484F1001DFB95 /* ViewController.h */ = {isa = PBXFileReference; lastKnownFileType = sourcecode.c.h; path = ViewController.h; sourceTree = "<group>"; };
		6331E3C927F484F1001DFB95 /* ViewController.m */ = {isa = PBXFileReference; lastKnownFileType = sourcecode.c.objc; path = ViewController.m; sourceTree = "<group>"; };
		6331E3CE27F484F2001DFB95 /* Assets.xcassets */ = {isa = PBXFileReference; lastKnownFileType = folder.assetcatalog; path = Assets.xcassets; sourceTree = "<group>"; };
		6331E3D127F484F2001DFB95 /* Base */ = {isa = PBXFileReference; lastKnownFileType = file.storyboard; name = Base; path = Base.lproj/LaunchScreen.storyboard; sourceTree = "<group>"; };
		6331E3D327F484F2001DFB95 /* Info.plist */ = {isa = PBXFileReference; lastKnownFileType = text.plist.xml; path = Info.plist; sourceTree = "<group>"; };
		6331E3D427F484F2001DFB95 /* main.m */ = {isa = PBXFileReference; lastKnownFileType = sourcecode.c.objc; path = main.m; sourceTree = "<group>"; };
		6331E3DA27F484F2001DFB95 /* xTrackingTests.xctest */ = {isa = PBXFileReference; explicitFileType = wrapper.cfbundle; includeInIndex = 0; path = xTrackingTests.xctest; sourceTree = BUILT_PRODUCTS_DIR; };
		6331E3DE27F484F2001DFB95 /* xTrackingTests.m */ = {isa = PBXFileReference; lastKnownFileType = sourcecode.c.objc; path = xTrackingTests.m; sourceTree = "<group>"; };
		6331E3E027F484F2001DFB95 /* Info.plist */ = {isa = PBXFileReference; lastKnownFileType = text.plist.xml; path = Info.plist; sourceTree = "<group>"; };
		6331E3E527F484F2001DFB95 /* xTrackingUITests.xctest */ = {isa = PBXFileReference; explicitFileType = wrapper.cfbundle; includeInIndex = 0; path = xTrackingUITests.xctest; sourceTree = BUILT_PRODUCTS_DIR; };
		6331E3E927F484F2001DFB95 /* xTrackingUITests.m */ = {isa = PBXFileReference; lastKnownFileType = sourcecode.c.objc; path = xTrackingUITests.m; sourceTree = "<group>"; };
		6331E3EB27F484F2001DFB95 /* Info.plist */ = {isa = PBXFileReference; lastKnownFileType = text.plist.xml; path = Info.plist; sourceTree = "<group>"; };
		6331E43927F488F1001DFB95 /* config.xcconfig */ = {isa = PBXFileReference; lastKnownFileType = text.xcconfig; path = config.xcconfig; sourceTree = "<group>"; };
		6A2358E7545DDCFDF9DDD7D7 /* libPods-xTracking.a */ = {isa = PBXFileReference; explicitFileType = archive.ar; includeInIndex = 0; path = "libPods-xTracking.a"; sourceTree = BUILT_PRODUCTS_DIR; };
		7D3506A52BB313CECAD5C55E /* Pods-xTracking.debug.xcconfig */ = {isa = PBXFileReference; includeInIndex = 1; lastKnownFileType = text.xcconfig; name = "Pods-xTracking.debug.xcconfig"; path = "Target Support Files/Pods-xTracking/Pods-xTracking.debug.xcconfig"; sourceTree = "<group>"; };
		89A5099ABC827F0542D9825C /* Pods-xTracking.release.xcconfig */ = {isa = PBXFileReference; includeInIndex = 1; lastKnownFileType = text.xcconfig; name = "Pods-xTracking.release.xcconfig"; path = "Target Support Files/Pods-xTracking/Pods-xTracking.release.xcconfig"; sourceTree = "<group>"; };
		B977E7B8F7FC78552043D92B /* libPods-xTrackingUITests.a */ = {isa = PBXFileReference; explicitFileType = archive.ar; includeInIndex = 0; path = "libPods-xTrackingUITests.a"; sourceTree = BUILT_PRODUCTS_DIR; };
		D8FD0554BC714C6415B9DCE3 /* libPods-xTrackingTests.a */ = {isa = PBXFileReference; explicitFileType = archive.ar; includeInIndex = 0; path = "libPods-xTrackingTests.a"; sourceTree = BUILT_PRODUCTS_DIR; };
		DA2050430297CDCCC39567DB /* Pods-xTrackingTests.debug.xcconfig */ = {isa = PBXFileReference; includeInIndex = 1; lastKnownFileType = text.xcconfig; name = "Pods-xTrackingTests.debug.xcconfig"; path = "Target Support Files/Pods-xTrackingTests/Pods-xTrackingTests.debug.xcconfig"; sourceTree = "<group>"; };
		DE992E339BC3E09998F18EA2 /* Pods-xTrackingUITests.release.xcconfig */ = {isa = PBXFileReference; includeInIndex = 1; lastKnownFileType = text.xcconfig; name = "Pods-xTrackingUITests.release.xcconfig"; path = "Target Support Files/Pods-xTrackingUITests/Pods-xTrackingUITests.release.xcconfig"; sourceTree = "<group>"; };
		EFCE2D21FD8D4CA380C5FD7B /* Pods-xTrackingTests.release.xcconfig */ = {isa = PBXFileReference; includeInIndex = 1; lastKnownFileType = text.xcconfig; name = "Pods-xTrackingTests.release.xcconfig"; path = "Target Support Files/Pods-xTrackingTests/Pods-xTrackingTests.release.xcconfig"; sourceTree = "<group>"; };
/* End PBXFileReference section */

/* Begin PBXFrameworksBuildPhase section */
		6331E3BC27F484F1001DFB95 /* Frameworks */ = {
			isa = PBXFrameworksBuildPhase;
			buildActionMask = 2147483647;
			files = (
				D9280ADF76E8D10AB910AA72 /* libPods-xTracking.a in Frameworks */,
			);
			runOnlyForDeploymentPostprocessing = 0;
		};
		6331E3D727F484F2001DFB95 /* Frameworks */ = {
			isa = PBXFrameworksBuildPhase;
			buildActionMask = 2147483647;
			files = (
				2DB6B7C79A28153E977DB3BD /* libPods-xTrackingTests.a in Frameworks */,
			);
			runOnlyForDeploymentPostprocessing = 0;
		};
		6331E3E227F484F2001DFB95 /* Frameworks */ = {
			isa = PBXFrameworksBuildPhase;
			buildActionMask = 2147483647;
			files = (
				7F148D966B04FF31D49E9FFE /* libPods-xTrackingUITests.a in Frameworks */,
			);
			runOnlyForDeploymentPostprocessing = 0;
		};
/* End PBXFrameworksBuildPhase section */

/* Begin PBXGroup section */
		00AF3766FB8FF52B5BA31019 /* Pods */ = {
			isa = PBXGroup;
			children = (
				7D3506A52BB313CECAD5C55E /* Pods-xTracking.debug.xcconfig */,
				89A5099ABC827F0542D9825C /* Pods-xTracking.release.xcconfig */,
				DA2050430297CDCCC39567DB /* Pods-xTrackingTests.debug.xcconfig */,
				EFCE2D21FD8D4CA380C5FD7B /* Pods-xTrackingTests.release.xcconfig */,
				2DF8112ABDB5CB612C304BA6 /* Pods-xTrackingUITests.debug.xcconfig */,
				DE992E339BC3E09998F18EA2 /* Pods-xTrackingUITests.release.xcconfig */,
			);
			name = Pods;
			path = Pods;
			sourceTree = "<group>";
		};
		6331E3B627F484F1001DFB95 = {
			isa = PBXGroup;
			children = (
				6331E43927F488F1001DFB95 /* config.xcconfig */,
				6331E3C127F484F1001DFB95 /* xTracking */,
				6331E3DD27F484F2001DFB95 /* xTrackingTests */,
				6331E3E827F484F2001DFB95 /* xTrackingUITests */,
				6331E3C027F484F1001DFB95 /* Products */,
				00AF3766FB8FF52B5BA31019 /* Pods */,
				76C503ED1FDDB3490C82C8F0 /* Frameworks */,
			);
			sourceTree = "<group>";
		};
		6331E3C027F484F1001DFB95 /* Products */ = {
			isa = PBXGroup;
			children = (
				6331E3BF27F484F1001DFB95 /* xTracking.app */,
				6331E3DA27F484F2001DFB95 /* xTrackingTests.xctest */,
				6331E3E527F484F2001DFB95 /* xTrackingUITests.xctest */,
			);
			name = Products;
			sourceTree = "<group>";
		};
		6331E3C127F484F1001DFB95 /* xTracking */ = {
			isa = PBXGroup;
			children = (
				6331E3C227F484F1001DFB95 /* AppDelegate.h */,
				6331E3C327F484F1001DFB95 /* AppDelegate.m */,
				6331E3C827F484F1001DFB95 /* ViewController.h */,
				6331E3C927F484F1001DFB95 /* ViewController.m */,
				6331E3CE27F484F2001DFB95 /* Assets.xcassets */,
				6331E3D027F484F2001DFB95 /* LaunchScreen.storyboard */,
				6331E3D327F484F2001DFB95 /* Info.plist */,
				6331E3D427F484F2001DFB95 /* main.m */,
			);
			path = xTracking;
			sourceTree = "<group>";
		};
		6331E3DD27F484F2001DFB95 /* xTrackingTests */ = {
			isa = PBXGroup;
			children = (
				6331E3DE27F484F2001DFB95 /* xTrackingTests.m */,
				6331E3E027F484F2001DFB95 /* Info.plist */,
			);
			path = xTrackingTests;
			sourceTree = "<group>";
		};
		6331E3E827F484F2001DFB95 /* xTrackingUITests */ = {
			isa = PBXGroup;
			children = (
				6331E3E927F484F2001DFB95 /* xTrackingUITests.m */,
				6331E3EB27F484F2001DFB95 /* Info.plist */,
			);
			path = xTrackingUITests;
			sourceTree = "<group>";
		};
		76C503ED1FDDB3490C82C8F0 /* Frameworks */ = {
			isa = PBXGroup;
			children = (
				6A2358E7545DDCFDF9DDD7D7 /* libPods-xTracking.a */,
				D8FD0554BC714C6415B9DCE3 /* libPods-xTrackingTests.a */,
				B977E7B8F7FC78552043D92B /* libPods-xTrackingUITests.a */,
			);
			name = Frameworks;
			sourceTree = "<group>";
		};
/* End PBXGroup section */

/* Begin PBXNativeTarget section */
		6331E3BE27F484F1001DFB95 /* xTracking */ = {
			isa = PBXNativeTarget;
			buildConfigurationList = 6331E3EE27F484F2001DFB95 /* Build configuration list for PBXNativeTarget "xTracking" */;
			buildPhases = (
				9513DD17E24CA9C2AABE5800 /* [CP] Check Pods Manifest.lock */,
				6331E3BB27F484F1001DFB95 /* Sources */,
				6331E3BC27F484F1001DFB95 /* Frameworks */,
				6331E3BD27F484F1001DFB95 /* Resources */,
			);
			buildRules = (
			);
			dependencies = (
			);
			name = xTracking;
			productName = xTracking;
			productReference = 6331E3BF27F484F1001DFB95 /* xTracking.app */;
			productType = "com.apple.product-type.application";
		};
		6331E3D927F484F2001DFB95 /* xTrackingTests */ = {
			isa = PBXNativeTarget;
			buildConfigurationList = 6331E3F127F484F2001DFB95 /* Build configuration list for PBXNativeTarget "xTrackingTests" */;
			buildPhases = (
				569D0E62FB843289B2389D2C /* [CP] Check Pods Manifest.lock */,
				6331E3D627F484F2001DFB95 /* Sources */,
				6331E3D727F484F2001DFB95 /* Frameworks */,
				6331E3D827F484F2001DFB95 /* Resources */,
			);
			buildRules = (
			);
			dependencies = (
				6331E3DC27F484F2001DFB95 /* PBXTargetDependency */,
			);
			name = xTrackingTests;
			productName = xTrackingTests;
			productReference = 6331E3DA27F484F2001DFB95 /* xTrackingTests.xctest */;
			productType = "com.apple.product-type.bundle.unit-test";
		};
		6331E3E427F484F2001DFB95 /* xTrackingUITests */ = {
			isa = PBXNativeTarget;
			buildConfigurationList = 6331E3F427F484F2001DFB95 /* Build configuration list for PBXNativeTarget "xTrackingUITests" */;
			buildPhases = (
				800EA0A71214BA88090FE08C /* [CP] Check Pods Manifest.lock */,
				6331E3E127F484F2001DFB95 /* Sources */,
				6331E3E227F484F2001DFB95 /* Frameworks */,
				6331E3E327F484F2001DFB95 /* Resources */,
			);
			buildRules = (
			);
			dependencies = (
				6331E3E727F484F2001DFB95 /* PBXTargetDependency */,
			);
			name = xTrackingUITests;
			productName = xTrackingUITests;
			productReference = 6331E3E527F484F2001DFB95 /* xTrackingUITests.xctest */;
			productType = "com.apple.product-type.bundle.ui-testing";
		};
/* End PBXNativeTarget section */

/* Begin PBXProject section */
		6331E3B727F484F1001DFB95 /* Project object */ = {
			isa = PBXProject;
			attributes = {
				LastUpgradeCheck = 1250;
				TargetAttributes = {
					6331E3BE27F484F1001DFB95 = {
						CreatedOnToolsVersion = 12.5.1;
					};
					6331E3D927F484F2001DFB95 = {
						CreatedOnToolsVersion = 12.5.1;
						TestTargetID = 6331E3BE27F484F1001DFB95;
					};
					6331E3E427F484F2001DFB95 = {
						CreatedOnToolsVersion = 12.5.1;
						TestTargetID = 6331E3BE27F484F1001DFB95;
					};
				};
			};
			buildConfigurationList = 6331E3BA27F484F1001DFB95 /* Build configuration list for PBXProject "xTracking" */;
			compatibilityVersion = "Xcode 9.3";
			developmentRegion = en;
			hasScannedForEncodings = 0;
			knownRegions = (
				en,
				Base,
			);
			mainGroup = 6331E3B627F484F1001DFB95;
			productRefGroup = 6331E3C027F484F1001DFB95 /* Products */;
			projectDirPath = "";
			projectRoot = "";
			targets = (
				6331E3BE27F484F1001DFB95 /* xTracking */,
				6331E3D927F484F2001DFB95 /* xTrackingTests */,
				6331E3E427F484F2001DFB95 /* xTrackingUITests */,
			);
		};
/* End PBXProject section */

/* Begin PBXResourcesBuildPhase section */
		6331E3BD27F484F1001DFB95 /* Resources */ = {
			isa = PBXResourcesBuildPhase;
			buildActionMask = 2147483647;
			files = (
				6331E3D227F484F2001DFB95 /* LaunchScreen.storyboard in Resources */,
				6331E3CF27F484F2001DFB95 /* Assets.xcassets in Resources */,
			);
			runOnlyForDeploymentPostprocessing = 0;
		};
		6331E3D827F484F2001DFB95 /* Resources */ = {
			isa = PBXResourcesBuildPhase;
			buildActionMask = 2147483647;
			files = (
			);
			runOnlyForDeploymentPostprocessing = 0;
		};
		6331E3E327F484F2001DFB95 /* Resources */ = {
			isa = PBXResourcesBuildPhase;
			buildActionMask = 2147483647;
			files = (
			);
			runOnlyForDeploymentPostprocessing = 0;
		};
/* End PBXResourcesBuildPhase section */

/* Begin PBXShellScriptBuildPhase section */
		569D0E62FB843289B2389D2C /* [CP] Check Pods Manifest.lock */ = {
			isa = PBXShellScriptBuildPhase;
			buildActionMask = 2147483647;
			files = (
			);
			inputFileListPaths = (
			);
			inputPaths = (
				"${PODS_PODFILE_DIR_PATH}/Podfile.lock",
				"${PODS_ROOT}/Manifest.lock",
			);
			name = "[CP] Check Pods Manifest.lock";
			outputFileListPaths = (
			);
			outputPaths = (
				"$(DERIVED_FILE_DIR)/Pods-xTrackingTests-checkManifestLockResult.txt",
			);
			runOnlyForDeploymentPostprocessing = 0;
			shellPath = /bin/sh;
			shellScript = "diff \"${PODS_PODFILE_DIR_PATH}/Podfile.lock\" \"${PODS_ROOT}/Manifest.lock\" > /dev/null\nif [ $? != 0 ] ; then\n    # print error to STDERR\n    echo \"error: The sandbox is not in sync with the Podfile.lock. Run 'pod install' or update your CocoaPods installation.\" >&2\n    exit 1\nfi\n# This output is used by Xcode 'outputs' to avoid re-running this script phase.\necho \"SUCCESS\" > \"${SCRIPT_OUTPUT_FILE_0}\"\n";
			showEnvVarsInLog = 0;
		};
		800EA0A71214BA88090FE08C /* [CP] Check Pods Manifest.lock */ = {
			isa = PBXShellScriptBuildPhase;
			buildActionMask = 2147483647;
			files = (
			);
			inputFileListPaths = (
			);
			inputPaths = (
				"${PODS_PODFILE_DIR_PATH}/Podfile.lock",
				"${PODS_ROOT}/Manifest.lock",
			);
			name = "[CP] Check Pods Manifest.lock";
			outputFileListPaths = (
			);
			outputPaths = (
				"$(DERIVED_FILE_DIR)/Pods-xTrackingUITests-checkManifestLockResult.txt",
			);
			runOnlyForDeploymentPostprocessing = 0;
			shellPath = /bin/sh;
			shellScript = "diff \"${PODS_PODFILE_DIR_PATH}/Podfile.lock\" \"${PODS_ROOT}/Manifest.lock\" > /dev/null\nif [ $? != 0 ] ; then\n    # print error to STDERR\n    echo \"error: The sandbox is not in sync with the Podfile.lock. Run 'pod install' or update your CocoaPods installation.\" >&2\n    exit 1\nfi\n# This output is used by Xcode 'outputs' to avoid re-running this script phase.\necho \"SUCCESS\" > \"${SCRIPT_OUTPUT_FILE_0}\"\n";
			showEnvVarsInLog = 0;
		};
		9513DD17E24CA9C2AABE5800 /* [CP] Check Pods Manifest.lock */ = {
			isa = PBXShellScriptBuildPhase;
			buildActionMask = 2147483647;
			files = (
			);
			inputFileListPaths = (
			);
			inputPaths = (
				"${PODS_PODFILE_DIR_PATH}/Podfile.lock",
				"${PODS_ROOT}/Manifest.lock",
			);
			name = "[CP] Check Pods Manifest.lock";
			outputFileListPaths = (
			);
			outputPaths = (
				"$(DERIVED_FILE_DIR)/Pods-xTracking-checkManifestLockResult.txt",
			);
			runOnlyForDeploymentPostprocessing = 0;
			shellPath = /bin/sh;
			shellScript = "diff \"${PODS_PODFILE_DIR_PATH}/Podfile.lock\" \"${PODS_ROOT}/Manifest.lock\" > /dev/null\nif [ $? != 0 ] ; then\n    # print error to STDERR\n    echo \"error: The sandbox is not in sync with the Podfile.lock. Run 'pod install' or update your CocoaPods installation.\" >&2\n    exit 1\nfi\n# This output is used by Xcode 'outputs' to avoid re-running this script phase.\necho \"SUCCESS\" > \"${SCRIPT_OUTPUT_FILE_0}\"\n";
			showEnvVarsInLog = 0;
		};
/* End PBXShellScriptBuildPhase section */

/* Begin PBXSourcesBuildPhase section */
		6331E3BB27F484F1001DFB95 /* Sources */ = {
			isa = PBXSourcesBuildPhase;
			buildActionMask = 2147483647;
			files = (
				6331E3CA27F484F1001DFB95 /* ViewController.m in Sources */,
				6331E3C427F484F1001DFB95 /* AppDelegate.m in Sources */,
				6331E3D527F484F2001DFB95 /* main.m in Sources */,
			);
			runOnlyForDeploymentPostprocessing = 0;
		};
		6331E3D627F484F2001DFB95 /* Sources */ = {
			isa = PBXSourcesBuildPhase;
			buildActionMask = 2147483647;
			files = (
				6331E3DF27F484F2001DFB95 /* xTrackingTests.m in Sources */,
			);
			runOnlyForDeploymentPostprocessing = 0;
		};
		6331E3E127F484F2001DFB95 /* Sources */ = {
			isa = PBXSourcesBuildPhase;
			buildActionMask = 2147483647;
			files = (
				6331E3EA27F484F2001DFB95 /* xTrackingUITests.m in Sources */,
			);
			runOnlyForDeploymentPostprocessing = 0;
		};
/* End PBXSourcesBuildPhase section */

/* Begin PBXTargetDependency section */
		6331E3DC27F484F2001DFB95 /* PBXTargetDependency */ = {
			isa = PBXTargetDependency;
			target = 6331E3BE27F484F1001DFB95 /* xTracking */;
			targetProxy = 6331E3DB27F484F2001DFB95 /* PBXContainerItemProxy */;
		};
		6331E3E727F484F2001DFB95 /* PBXTargetDependency */ = {
			isa = PBXTargetDependency;
			target = 6331E3BE27F484F1001DFB95 /* xTracking */;
			targetProxy = 6331E3E627F484F2001DFB95 /* PBXContainerItemProxy */;
		};
/* End PBXTargetDependency section */

/* Begin PBXVariantGroup section */
		6331E3D027F484F2001DFB95 /* LaunchScreen.storyboard */ = {
			isa = PBXVariantGroup;
			children = (
				6331E3D127F484F2001DFB95 /* Base */,
			);
			name = LaunchScreen.storyboard;
			sourceTree = "<group>";
		};
/* End PBXVariantGroup section */

/* Begin XCBuildConfiguration section */
		6331E3EC27F484F2001DFB95 /* Debug */ = {
			isa = XCBuildConfiguration;
			baseConfigurationReference = 6331E43927F488F1001DFB95 /* config.xcconfig */;
			buildSettings = {
				ALWAYS_SEARCH_USER_PATHS = NO;
				CLANG_ANALYZER_NONNULL = YES;
				CLANG_ANALYZER_NUMBER_OBJECT_CONVERSION = YES_AGGRESSIVE;
				CLANG_CXX_LANGUAGE_STANDARD = "gnu++14";
				CLANG_CXX_LIBRARY = "libc++";
				CLANG_ENABLE_MODULES = YES;
				CLANG_ENABLE_OBJC_ARC = YES;
				CLANG_ENABLE_OBJC_WEAK = YES;
				CLANG_WARN_BLOCK_CAPTURE_AUTORELEASING = YES;
				CLANG_WARN_BOOL_CONVERSION = YES;
				CLANG_WARN_COMMA = YES;
				CLANG_WARN_CONSTANT_CONVERSION = YES;
				CLANG_WARN_DEPRECATED_OBJC_IMPLEMENTATIONS = YES;
				CLANG_WARN_DIRECT_OBJC_ISA_USAGE = YES_ERROR;
				CLANG_WARN_DOCUMENTATION_COMMENTS = YES;
				CLANG_WARN_EMPTY_BODY = YES;
				CLANG_WARN_ENUM_CONVERSION = YES;
				CLANG_WARN_INFINITE_RECURSION = YES;
				CLANG_WARN_INT_CONVERSION = YES;
				CLANG_WARN_NON_LITERAL_NULL_CONVERSION = YES;
				CLANG_WARN_OBJC_IMPLICIT_RETAIN_SELF = YES;
				CLANG_WARN_OBJC_LITERAL_CONVERSION = YES;
				CLANG_WARN_OBJC_ROOT_CLASS = YES_ERROR;
				CLANG_WARN_QUOTED_INCLUDE_IN_FRAMEWORK_HEADER = YES;
				CLANG_WARN_RANGE_LOOP_ANALYSIS = YES;
				CLANG_WARN_STRICT_PROTOTYPES = YES;
				CLANG_WARN_SUSPICIOUS_MOVE = YES;
				CLANG_WARN_UNGUARDED_AVAILABILITY = YES_AGGRESSIVE;
				CLANG_WARN_UNREACHABLE_CODE = YES;
				CLANG_WARN__DUPLICATE_METHOD_MATCH = YES;
				COPY_PHASE_STRIP = NO;
				DEBUG_INFORMATION_FORMAT = dwarf;
				ENABLE_STRICT_OBJC_MSGSEND = YES;
				ENABLE_TESTABILITY = YES;
				GCC_C_LANGUAGE_STANDARD = gnu11;
				GCC_DYNAMIC_NO_PIC = NO;
				GCC_NO_COMMON_BLOCKS = YES;
				GCC_OPTIMIZATION_LEVEL = 0;
				GCC_PREPROCESSOR_DEFINITIONS = (
					"DEBUG=1",
					"$(inherited)",
				);
				GCC_WARN_64_TO_32_BIT_CONVERSION = YES;
				GCC_WARN_ABOUT_RETURN_TYPE = YES_ERROR;
				GCC_WARN_UNDECLARED_SELECTOR = YES;
				GCC_WARN_UNINITIALIZED_AUTOS = YES_AGGRESSIVE;
				GCC_WARN_UNUSED_FUNCTION = YES;
				GCC_WARN_UNUSED_VARIABLE = YES;
				IPHONEOS_DEPLOYMENT_TARGET = 9.0;
				MTL_ENABLE_DEBUG_INFO = INCLUDE_SOURCE;
				MTL_FAST_MATH = YES;
				ONLY_ACTIVE_ARCH = YES;
				SDKROOT = iphoneos;
			};
			name = Debug;
		};
		6331E3ED27F484F2001DFB95 /* Release */ = {
			isa = XCBuildConfiguration;
			baseConfigurationReference = 6331E43927F488F1001DFB95 /* config.xcconfig */;
			buildSettings = {
				ALWAYS_SEARCH_USER_PATHS = NO;
				CLANG_ANALYZER_NONNULL = YES;
				CLANG_ANALYZER_NUMBER_OBJECT_CONVERSION = YES_AGGRESSIVE;
				CLANG_CXX_LANGUAGE_STANDARD = "gnu++14";
				CLANG_CXX_LIBRARY = "libc++";
				CLANG_ENABLE_MODULES = YES;
				CLANG_ENABLE_OBJC_ARC = YES;
				CLANG_ENABLE_OBJC_WEAK = YES;
				CLANG_WARN_BLOCK_CAPTURE_AUTORELEASING = YES;
				CLANG_WARN_BOOL_CONVERSION = YES;
				CLANG_WARN_COMMA = YES;
				CLANG_WARN_CONSTANT_CONVERSION = YES;
				CLANG_WARN_DEPRECATED_OBJC_IMPLEMENTATIONS = YES;
				CLANG_WARN_DIRECT_OBJC_ISA_USAGE = YES_ERROR;
				CLANG_WARN_DOCUMENTATION_COMMENTS = YES;
				CLANG_WARN_EMPTY_BODY = YES;
				CLANG_WARN_ENUM_CONVERSION = YES;
				CLANG_WARN_INFINITE_RECURSION = YES;
				CLANG_WARN_INT_CONVERSION = YES;
				CLANG_WARN_NON_LITERAL_NULL_CONVERSION = YES;
				CLANG_WARN_OBJC_IMPLICIT_RETAIN_SELF = YES;
				CLANG_WARN_OBJC_LITERAL_CONVERSION = YES;
				CLANG_WARN_OBJC_ROOT_CLASS = YES_ERROR;
				CLANG_WARN_QUOTED_INCLUDE_IN_FRAMEWORK_HEADER = YES;
				CLANG_WARN_RANGE_LOOP_ANALYSIS = YES;
				CLANG_WARN_STRICT_PROTOTYPES = YES;
				CLANG_WARN_SUSPICIOUS_MOVE = YES;
				CLANG_WARN_UNGUARDED_AVAILABILITY = YES_AGGRESSIVE;
				CLANG_WARN_UNREACHABLE_CODE = YES;
				CLANG_WARN__DUPLICATE_METHOD_MATCH = YES;
				COPY_PHASE_STRIP = NO;
				DEBUG_INFORMATION_FORMAT = "dwarf-with-dsym";
				ENABLE_NS_ASSERTIONS = NO;
				ENABLE_STRICT_OBJC_MSGSEND = YES;
				GCC_C_LANGUAGE_STANDARD = gnu11;
				GCC_NO_COMMON_BLOCKS = YES;
				GCC_WARN_64_TO_32_BIT_CONVERSION = YES;
				GCC_WARN_ABOUT_RETURN_TYPE = YES_ERROR;
				GCC_WARN_UNDECLARED_SELECTOR = YES;
				GCC_WARN_UNINITIALIZED_AUTOS = YES_AGGRESSIVE;
				GCC_WARN_UNUSED_FUNCTION = YES;
				GCC_WARN_UNUSED_VARIABLE = YES;
				IPHONEOS_DEPLOYMENT_TARGET = 9.0;
				MTL_ENABLE_DEBUG_INFO = NO;
				MTL_FAST_MATH = YES;
				SDKROOT = iphoneos;
				VALIDATE_PRODUCT = YES;
			};
			name = Release;
		};
		6331E3EF27F484F2001DFB95 /* Debug */ = {
			isa = XCBuildConfiguration;
			baseConfigurationReference = 7D3506A52BB313CECAD5C55E /* Pods-xTracking.debug.xcconfig */;
			buildSettings = {
				ASSETCATALOG_COMPILER_APPICON_NAME = AppIcon;
				ASSETCATALOG_COMPILER_GLOBAL_ACCENT_COLOR_NAME = AccentColor;
				CODE_SIGN_STYLE = Automatic;
				DEVELOPMENT_TEAM = 938JT75Y9S;
				INFOPLIST_FILE = xTracking/Info.plist;
				IPHONEOS_DEPLOYMENT_TARGET = 9.0;
				LD_RUNPATH_SEARCH_PATHS = (
					"$(inherited)",
					"@executable_path/Frameworks",
				);
				PRODUCT_BUNDLE_IDENTIFIER = com.xtracking.xTracking;
				PRODUCT_NAME = "$(TARGET_NAME)";
				TARGETED_DEVICE_FAMILY = 1;
			};
			name = Debug;
		};
		6331E3F027F484F2001DFB95 /* Release */ = {
			isa = XCBuildConfiguration;
			baseConfigurationReference = 89A5099ABC827F0542D9825C /* Pods-xTracking.release.xcconfig */;
			buildSettings = {
				ASSETCATALOG_COMPILER_APPICON_NAME = AppIcon;
				ASSETCATALOG_COMPILER_GLOBAL_ACCENT_COLOR_NAME = AccentColor;
				CODE_SIGN_STYLE = Automatic;
				DEVELOPMENT_TEAM = 938JT75Y9S;
				INFOPLIST_FILE = xTracking/Info.plist;
				IPHONEOS_DEPLOYMENT_TARGET = 9.0;
				LD_RUNPATH_SEARCH_PATHS = (
					"$(inherited)",
					"@executable_path/Frameworks",
				);
				PRODUCT_BUNDLE_IDENTIFIER = com.xtracking.xTracking;
				PRODUCT_NAME = "$(TARGET_NAME)";
				TARGETED_DEVICE_FAMILY = 1;
			};
			name = Release;
		};
		6331E3F227F484F2001DFB95 /* Debug */ = {
			isa = XCBuildConfiguration;
			baseConfigurationReference = DA2050430297CDCCC39567DB /* Pods-xTrackingTests.debug.xcconfig */;
			buildSettings = {
				BUNDLE_LOADER = "$(TEST_HOST)";
				CODE_SIGN_STYLE = Automatic;
				DEVELOPMENT_TEAM = 938JT75Y9S;
				INFOPLIST_FILE = xTrackingTests/Info.plist;
				IPHONEOS_DEPLOYMENT_TARGET = 14.5;
				LD_RUNPATH_SEARCH_PATHS = (
					"$(inherited)",
					"@executable_path/Frameworks",
					"@loader_path/Frameworks",
				);
				PRODUCT_BUNDLE_IDENTIFIER = com.xtracking.xTrackingTests;
				PRODUCT_NAME = "$(TARGET_NAME)";
				TARGETED_DEVICE_FAMILY = "1,2";
				TEST_HOST = "$(BUILT_PRODUCTS_DIR)/xTracking.app/xTracking";
			};
			name = Debug;
		};
		6331E3F327F484F2001DFB95 /* Release */ = {
			isa = XCBuildConfiguration;
			baseConfigurationReference = EFCE2D21FD8D4CA380C5FD7B /* Pods-xTrackingTests.release.xcconfig */;
			buildSettings = {
				BUNDLE_LOADER = "$(TEST_HOST)";
				CODE_SIGN_STYLE = Automatic;
				DEVELOPMENT_TEAM = 938JT75Y9S;
				INFOPLIST_FILE = xTrackingTests/Info.plist;
				IPHONEOS_DEPLOYMENT_TARGET = 14.5;
				LD_RUNPATH_SEARCH_PATHS = (
					"$(inherited)",
					"@executable_path/Frameworks",
					"@loader_path/Frameworks",
				);
				PRODUCT_BUNDLE_IDENTIFIER = com.xtracking.xTrackingTests;
				PRODUCT_NAME = "$(TARGET_NAME)";
				TARGETED_DEVICE_FAMILY = "1,2";
				TEST_HOST = "$(BUILT_PRODUCTS_DIR)/xTracking.app/xTracking";
			};
			name = Release;
		};
		6331E3F527F484F2001DFB95 /* Debug */ = {
			isa = XCBuildConfiguration;
			baseConfigurationReference = 2DF8112ABDB5CB612C304BA6 /* Pods-xTrackingUITests.debug.xcconfig */;
			buildSettings = {
				CODE_SIGN_STYLE = Automatic;
				DEVELOPMENT_TEAM = 938JT75Y9S;
				INFOPLIST_FILE = xTrackingUITests/Info.plist;
				LD_RUNPATH_SEARCH_PATHS = (
					"$(inherited)",
					"@executable_path/Frameworks",
					"@loader_path/Frameworks",
				);
				PRODUCT_BUNDLE_IDENTIFIER = com.xtracking.xTrackingUITests;
				PRODUCT_NAME = "$(TARGET_NAME)";
				TARGETED_DEVICE_FAMILY = "1,2";
				TEST_TARGET_NAME = xTracking;
			};
			name = Debug;
		};
		6331E3F627F484F2001DFB95 /* Release */ = {
			isa = XCBuildConfiguration;
			baseConfigurationReference = DE992E339BC3E09998F18EA2 /* Pods-xTrackingUITests.release.xcconfig */;
			buildSettings = {
				CODE_SIGN_STYLE = Automatic;
				DEVELOPMENT_TEAM = 938JT75Y9S;
				INFOPLIST_FILE = xTrackingUITests/Info.plist;
				LD_RUNPATH_SEARCH_PATHS = (
					"$(inherited)",
					"@executable_path/Frameworks",
					"@loader_path/Frameworks",
				);
				PRODUCT_BUNDLE_IDENTIFIER = com.xtracking.xTrackingUITests;
				PRODUCT_NAME = "$(TARGET_NAME)";
				TARGETED_DEVICE_FAMILY = "1,2";
				TEST_TARGET_NAME = xTracking;
			};
			name = Release;
		};
/* End XCBuildConfiguration section */

/* Begin XCConfigurationList section */
		6331E3BA27F484F1001DFB95 /* Build configuration list for PBXProject "xTracking" */ = {
			isa = XCConfigurationList;
			buildConfigurations = (
				6331E3EC27F484F2001DFB95 /* Debug */,
				6331E3ED27F484F2001DFB95 /* Release */,
			);
			defaultConfigurationIsVisible = 0;
			defaultConfigurationName = Release;
		};
		6331E3EE27F484F2001DFB95 /* Build configuration list for PBXNativeTarget "xTracking" */ = {
			isa = XCConfigurationList;
			buildConfigurations = (
				6331E3EF27F484F2001DFB95 /* Debug */,
				6331E3F027F484F2001DFB95 /* Release */,
			);
			defaultConfigurationIsVisible = 0;
			defaultConfigurationName = Release;
		};
		6331E3F127F484F2001DFB95 /* Build configuration list for PBXNativeTarget "xTrackingTests" */ = {
			isa = XCConfigurationList;
			buildConfigurations = (
				6331E3F227F484F2001DFB95 /* Debug */,
				6331E3F327F484F2001DFB95 /* Release */,
			);
			defaultConfigurationIsVisible = 0;
			defaultConfigurationName = Release;
		};
		6331E3F427F484F2001DFB95 /* Build configuration list for PBXNativeTarget "xTrackingUITests" */ = {
			isa = XCConfigurationList;
			buildConfigurations = (
				6331E3F527F484F2001DFB95 /* Debug */,
				6331E3F627F484F2001DFB95 /* Release */,
			);
			defaultConfigurationIsVisible = 0;
			defaultConfigurationName = Release;
		};
/* End XCConfigurationList section */
	};
	rootObject = 6331E3B727F484F1001DFB95 /* Project object */;
}
